
Microsoft Visual Studio Solution File, Format Version 12.00
# Visual Studio Version 17
VisualStudioVersion = 17.0.31903.59
MinimumVisualStudioVersion = 10.0.40219.1
Project("{2150E333-8FDC-42A3-9474-1A3956D46DE8}") = "src", "src", "{827E0CD3-B72D-47B6-A68D-7590B98EB39B}"
EndProject
Project("{FAE04EC0-301F-11D3-BF4B-00C04F79EFBC}") = "Questionnaire.Api", "src\Questionnaire.Api\Questionnaire.Api.csproj", "{4E9BC854-F875-4D59-A61C-266AB60847B3}"
EndProject
Project("{FAE04EC0-301F-11D3-BF4B-00C04F79EFBC}") = "Questionnaire.Application", "src\Questionnaire.Application\Questionnaire.Application.csproj", "{A33BDC39-6223-4420-86BF-BB31A9BCBB84}"
EndProject
Project("{FAE04EC0-301F-11D3-BF4B-00C04F79EFBC}") = "Questionnaire.Domain", "src\Questionnaire.Domain\Questionnaire.Domain.csproj", "{72F26400-FD30-4317-9002-49BAC22B9781}"
EndProject
Project("{FAE04EC0-301F-11D3-BF4B-00C04F79EFBC}") = "Questionnaire.Infrastructure", "src\Questionnaire.Infrastructure\Questionnaire.Infrastructure.csproj", "{DE88F972-9D4F-4C8C-A19C-3B16DE568F58}"
EndProject
Project("{FAE04EC0-301F-11D3-BF4B-00C04F79EFBC}") = "Questionnaire.Contracts", "src\Questionnaire.Contracts\Questionnaire.Contracts.csproj", "{F0EDB137-F029-42B8-89AE-9020AC08F396}"
EndProject
Global
	GlobalSection(SolutionConfigurationPlatforms) = preSolution
		Debug|Any CPU = Debug|Any CPU
		Debug|x64 = Debug|x64
		Debug|x86 = Debug|x86
		Release|Any CPU = Release|Any CPU
		Release|x64 = Release|x64
		Release|x86 = Release|x86
	EndGlobalSection
	GlobalSection(ProjectConfigurationPlatforms) = postSolution
		{4E9BC854-F875-4D59-A61C-266AB60847B3}.Debug|Any CPU.ActiveCfg = Debug|Any CPU
		{4E9BC854-F875-4D59-A61C-266AB60847B3}.Debug|Any CPU.Build.0 = Debug|Any CPU
		{4E9BC854-F875-4D59-A61C-266AB60847B3}.Debug|x64.ActiveCfg = Debug|Any CPU
		{4E9BC854-F875-4D59-A61C-266AB60847B3}.Debug|x64.Build.0 = Debug|Any CPU
		{4E9BC854-F875-4D59-A61C-266AB60847B3}.Debug|x86.ActiveCfg = Debug|Any CPU
		{4E9BC854-F875-4D59-A61C-266AB60847B3}.Debug|x86.Build.0 = Debug|Any CPU
		{4E9BC854-F875-4D59-A61C-266AB60847B3}.Release|Any CPU.ActiveCfg = Release|Any CPU
		{4E9BC854-F875-4D59-A61C-266AB60847B3}.Release|Any CPU.Build.0 = Release|Any CPU
		{4E9BC854-F875-4D59-A61C-266AB60847B3}.Release|x64.ActiveCfg = Release|Any CPU
		{4E9BC854-F875-4D59-A61C-266AB60847B3}.Release|x64.Build.0 = Release|Any CPU
		{4E9BC854-F875-4D59-A61C-266AB60847B3}.Release|x86.ActiveCfg = Release|Any CPU
		{4E9BC854-F875-4D59-A61C-266AB60847B3}.Release|x86.Build.0 = Release|Any CPU
		{A33BDC39-6223-4420-86BF-BB31A9BCBB84}.Debug|Any CPU.ActiveCfg = Debug|Any CPU
		{A33BDC39-6223-4420-86BF-BB31A9BCBB84}.Debug|Any CPU.Build.0 = Debug|Any CPU
		{A33BDC39-6223-4420-86BF-BB31A9BCBB84}.Debug|x64.ActiveCfg = Debug|Any CPU
		{A33BDC39-6223-4420-86BF-BB31A9BCBB84}.Debug|x64.Build.0 = Debug|Any CPU
		{A33BDC39-6223-4420-86BF-BB31A9BCBB84}.Debug|x86.ActiveCfg = Debug|Any CPU
		{A33BDC39-6223-4420-86BF-BB31A9BCBB84}.Debug|x86.Build.0 = Debug|Any CPU
		{A33BDC39-6223-4420-86BF-BB31A9BCBB84}.Release|Any CPU.ActiveCfg = Release|Any CPU
		{A33BDC39-6223-4420-86BF-BB31A9BCBB84}.Release|Any CPU.Build.0 = Release|Any CPU
		{A33BDC39-6223-4420-86BF-BB31A9BCBB84}.Release|x64.ActiveCfg = Release|Any CPU
		{A33BDC39-6223-4420-86BF-BB31A9BCBB84}.Release|x64.Build.0 = Release|Any CPU
		{A33BDC39-6223-4420-86BF-BB31A9BCBB84}.Release|x86.ActiveCfg = Release|Any CPU
		{A33BDC39-6223-4420-86BF-BB31A9BCBB84}.Release|x86.Build.0 = Release|Any CPU
		{72F26400-FD30-4317-9002-49BAC22B9781}.Debug|Any CPU.ActiveCfg = Debug|Any CPU
		{72F26400-FD30-4317-9002-49BAC22B9781}.Debug|Any CPU.Build.0 = Debug|Any CPU
		{72F26400-FD30-4317-9002-49BAC22B9781}.Debug|x64.ActiveCfg = Debug|Any CPU
		{72F26400-FD30-4317-9002-49BAC22B9781}.Debug|x64.Build.0 = Debug|Any CPU
		{72F26400-FD30-4317-9002-49BAC22B9781}.Debug|x86.ActiveCfg = Debug|Any CPU
		{72F26400-FD30-4317-9002-49BAC22B9781}.Debug|x86.Build.0 = Debug|Any CPU
		{72F26400-FD30-4317-9002-49BAC22B9781}.Release|Any CPU.ActiveCfg = Release|Any CPU
		{72F26400-FD30-4317-9002-49BAC22B9781}.Release|Any CPU.Build.0 = Release|Any CPU
		{72F26400-FD30-4317-9002-49BAC22B9781}.Release|x64.ActiveCfg = Release|Any CPU
		{72F26400-FD30-4317-9002-49BAC22B9781}.Release|x64.Build.0 = Release|Any CPU
		{72F26400-FD30-4317-9002-49BAC22B9781}.Release|x86.ActiveCfg = Release|Any CPU
		{72F26400-FD30-4317-9002-49BAC22B9781}.Release|x86.Build.0 = Release|Any CPU
		{DE88F972-9D4F-4C8C-A19C-3B16DE568F58}.Debug|Any CPU.ActiveCfg = Debug|Any CPU
		{DE88F972-9D4F-4C8C-A19C-3B16DE568F58}.Debug|Any CPU.Build.0 = Debug|Any CPU
		{DE88F972-9D4F-4C8C-A19C-3B16DE568F58}.Debug|x64.ActiveCfg = Debug|Any CPU
		{DE88F972-9D4F-4C8C-A19C-3B16DE568F58}.Debug|x64.Build.0 = Debug|Any CPU
		{DE88F972-9D4F-4C8C-A19C-3B16DE568F58}.Debug|x86.ActiveCfg = Debug|Any CPU
		{DE88F972-9D4F-4C8C-A19C-3B16DE568F58}.Debug|x86.Build.0 = Debug|Any CPU
		{DE88F972-9D4F-4C8C-A19C-3B16DE568F58}.Release|Any CPU.ActiveCfg = Release|Any CPU
		{DE88F972-9D4F-4C8C-A19C-3B16DE568F58}.Release|Any CPU.Build.0 = Release|Any CPU
		{DE88F972-9D4F-4C8C-A19C-3B16DE568F58}.Release|x64.ActiveCfg = Release|Any CPU
		{DE88F972-9D4F-4C8C-A19C-3B16DE568F58}.Release|x64.Build.0 = Release|Any CPU
		{DE88F972-9D4F-4C8C-A19C-3B16DE568F58}.Release|x86.ActiveCfg = Release|Any CPU
		{DE88F972-9D4F-4C8C-A19C-3B16DE568F58}.Release|x86.Build.0 = Release|Any CPU
		{F0EDB137-F029-42B8-89AE-9020AC08F396}.Debug|Any CPU.ActiveCfg = Debug|Any CPU
		{F0EDB137-F029-42B8-89AE-9020AC08F396}.Debug|Any CPU.Build.0 = Debug|Any CPU
		{F0EDB137-F029-42B8-89AE-9020AC08F396}.Debug|x64.ActiveCfg = Debug|Any CPU
		{F0EDB137-F029-42B8-89AE-9020AC08F396}.Debug|x64.Build.0 = Debug|Any CPU
		{F0EDB137-F029-42B8-89AE-9020AC08F396}.Debug|x86.ActiveCfg = Debug|Any CPU
		{F0EDB137-F029-42B8-89AE-9020AC08F396}.Debug|x86.Build.0 = Debug|Any CPU
		{F0EDB137-F029-42B8-89AE-9020AC08F396}.Release|Any CPU.ActiveCfg = Release|Any CPU
		{F0EDB137-F029-42B8-89AE-9020AC08F396}.Release|Any CPU.Build.0 = Release|Any CPU
		{F0EDB137-F029-42B8-89AE-9020AC08F396}.Release|x64.ActiveCfg = Release|Any CPU
		{F0EDB137-F029-42B8-89AE-9020AC08F396}.Release|x64.Build.0 = Release|Any CPU
		{F0EDB137-F029-42B8-89AE-9020AC08F396}.Release|x86.ActiveCfg = Release|Any CPU
		{F0EDB137-F029-42B8-89AE-9020AC08F396}.Release|x86.Build.0 = Release|Any CPU
	EndGlobalSection
	GlobalSection(SolutionProperties) = preSolution
		HideSolutionNode = FALSE
	EndGlobalSection
	GlobalSection(NestedProjects) = preSolution
		{4E9BC854-F875-4D59-A61C-266AB60847B3} = {827E0CD3-B72D-47B6-A68D-7590B98EB39B}
		{A33BDC39-6223-4420-86BF-BB31A9BCBB84} = {827E0CD3-B72D-47B6-A68D-7590B98EB39B}
		{72F26400-FD30-4317-9002-49BAC22B9781} = {827E0CD3-B72D-47B6-A68D-7590B98EB39B}
		{DE88F972-9D4F-4C8C-A19C-3B16DE568F58} = {827E0CD3-B72D-47B6-A68D-7590B98EB39B}
		{F0EDB137-F029-42B8-89AE-9020AC08F396} = {827E0CD3-B72D-47B6-A68D-7590B98EB39B}
	EndGlobalSection
EndGlobal
